<?xml version="1.0" encoding="utf-8"?>
<Project ToolsVersion="4.0" xmlns="http://schemas.microsoft.com/developer/msbuild/2003">
  <ItemGroup>
    <Filter Include="Source Files">
      <UniqueIdentifier>{4FC737F1-C7A5-4376-A066-2A32D752A2FF}</UniqueIdentifier>
      <Extensions>cpp;c;cc;cxx;c++;cppm;ixx;def;odl;idl;hpj;bat;asm;asmx</Extensions>
    </Filter>
    <Filter Include="Header Files">
      <UniqueIdentifier>{93995380-89BD-4b04-88EB-625FBE52EBFB}</UniqueIdentifier>
      <Extensions>h;hh;hpp;hxx;h++;hm;inl;inc;ipp;xsd</Extensions>
    </Filter>
    <Filter Include="Resource Files">
      <UniqueIdentifier>{67DA6AB6-F800-4c08-8B7A-83BB121AAD01}</UniqueIdentifier>
      <Extensions>rc;ico;cur;bmp;dlg;rc2;rct;bin;rgs;gif;jpg;jpeg;jpe;resx;tiff;tif;png;wav;mfcribbon-ms</Extensions>
    </Filter>
  </ItemGroup>
  <ItemGroup>
    <ClCompile Include="bakeFonts.cpp">
      <Filter>Source Files</Filter>
    </ClCompile>
    <ClCompile Include="..\gltext-0.3.1\src\AbstractRenderer.cpp">
      <Filter>Source Files</Filter>
    </ClCompile>
    <ClCompile Include="..\gltext-0.3.1\src\BitmapRenderer.cpp">
      <Filter>Source Files</Filter>
    </ClCompile>
    <ClCompile Include="..\gltext-0.3.1\src\FTFont.cpp">
      <Filter>Source Files</Filter>
    </ClCompile>
    <ClCompile Include="..\gltext-0.3.1\src\FTGlyph.cpp">
      <Filter>Source Files</Filter>
    </ClCompile>
    <ClCompile Include="..\gltext-0.3.1\src\GLPixelGlyph.cpp">
      <Filter>Source Files</Filter>
    </ClCompile>
    <ClCompile Include="..\gltext-0.3.1\src\gltext.cpp">
      <Filter>Source Files</Filter>
    </ClCompile>
    <ClCompile Include="..\gltext-0.3.1\src\GLTextureGlyph.cpp">
      <Filter>Source Files</Filter>
    </ClCompile>
    <ClCompile Include="..\gltext-0.3.1\src\PixmapRenderer.cpp">
      <Filter>Source Files</Filter>
    </ClCompile>
    <ClCompile Include="..\gltext-0.3.1\src\TextureRenderer.cpp">
      <Filter>Source Files</Filter>
    </ClCompile>
  </ItemGroup>
  <ItemGroup>
    <ClInclude Include="..\gltext-0.3.1\src\AbstractRenderer.h">
      <Filter>Source Files</Filter>
    </ClInclude>
    <ClInclude Include="..\gltext-0.3.1\src\BitmapRenderer.h">
      <Filter>Source Files</Filter>
    </ClInclude>
    <ClInclude Include="..\gltext-0.3.1\src\FTFont.h">
      <Filter>Source Files</Filter>
    </ClInclude>
    <ClInclude Include="..\gltext-0.3.1\src\FTGlyph.h">
      <Filter>Source Files</Filter>
    </ClInclude>
    <ClInclude Include="..\gltext-0.3.1\src\GLGlyph.h">
      <Filter>Source Files</Filter>
    </ClInclude>
    <ClInclude Include="..\gltext-0.3.1\src\GLPixelGlyph.h">
      <Filter>Source Files</Filter>
    </ClInclude>
    <ClInclude Include="..\gltext-0.3.1\src\gltext.h">
      <Filter>Source Files</Filter>
    </ClInclude>
    <ClInclude Include="..\gltext-0.3.1\src\GLTextureGlyph.h">
      <Filter>Source Files</Filter>
    </ClInclude>
    <ClInclude Include="..\gltext-0.3.1\src\GlyphCache.h">
      <Filter>Source Files</Filter>
    </ClInclude>
    <ClInclude Include="..\gltext-0.3.1\src\OpenGL.h">
      <Filter>Source Files</Filter>
    </ClInclude>
    <ClInclude Include="..\gltext-0.3.1\src\PixmapRenderer.h">
      <Filter>Source Files</Filter>
    </ClInclude>
    <ClInclude Include="..\gltext-0.3.1\src\TextureRenderer.h">
      <Filter>Source Files</Filter>
    </ClInclude>
    <ClInclude Include="..\gltext-0.3.1\src\tga.h">
      <Filter>Source Files</Filter>
    </ClInclude>
  </ItemGroup>
  <ItemGroup>
    <None Include="..\gltext-0.3.1\src\Makefile.am">
      <Filter>Source Files</Filter>
    </None>
    <None Include="..\gltext-0.3.1\src\Makefile.in">
      <Filter>Source Files</Filter>
    </None>
  </ItemGroup>
</Project>